
Microsoft Visual Studio Solution File, Format Version 12.00
# Visual Studio 15
VisualStudioVersion = 15.0.27703.2035
MinimumVisualStudioVersion = 10.0.40219.1
Project("{FAE04EC0-301F-11D3-BF4B-00C04F79EFBC}") = "AquaHobby.Api", "AquaHobby.Api\AquaHobby.Api.csproj", "{9A5775E0-680B-4A90-9689-180933E82D0A}"
EndProject
Project("{FAE04EC0-301F-11D3-BF4B-00C04F79EFBC}") = "AquaHobby.Repository", "AquaHobby.Repository\AquaHobby.Repository.csproj", "{69FEFBD1-D9AC-47D1-B276-8DAB1D478E6B}"
EndProject
Project("{FAE04EC0-301F-11D3-BF4B-00C04F79EFBC}") = "AquaHobby.Models", "AquaHobby.Models\AquaHobby.Models.csproj", "{C8BF607F-A3DC-414B-9D48-5BF3F8BF5C2E}"
EndProject
Project("{FAE04EC0-301F-11D3-BF4B-00C04F79EFBC}") = "Bieniol.Base", "Bieniol.Base\Bieniol.Base.csproj", "{66FFF9A0-0E51-40CE-85E2-4FB6BEABB5EF}"
EndProject
Project("{FAE04EC0-301F-11D3-BF4B-00C04F79EFBC}") = "AquaHobby.DAL", "AquaHobby.DAL\AquaHobby.DAL.csproj", "{DFE4B165-0838-4079-9318-B4C0C7367BEE}"
EndProject
Project("{FAE04EC0-301F-11D3-BF4B-00C04F79EFBC}") = "AquaHobby.ClientWeb", "AquaHobby.ClientWeb\AquaHobby.ClientWeb.csproj", "{160C7F53-BCED-4BA5-9E7E-80C19E96B1B2}"
EndProject
Project("{FAE04EC0-301F-11D3-BF4B-00C04F79EFBC}") = "AquaHobby.WebClient.Core", "AquaHobby.WebClient.Core\AquaHobby.WebClient.Core.csproj", "{D11CEB98-1706-418E-BAE6-75826CEF1A2C}"
EndProject
Global
	GlobalSection(SolutionConfigurationPlatforms) = preSolution
		Debug|Any CPU = Debug|Any CPU
		Release|Any CPU = Release|Any CPU
	EndGlobalSection
	GlobalSection(ProjectConfigurationPlatforms) = postSolution
		{9A5775E0-680B-4A90-9689-180933E82D0A}.Debug|Any CPU.ActiveCfg = Debug|Any CPU
		{9A5775E0-680B-4A90-9689-180933E82D0A}.Debug|Any CPU.Build.0 = Debug|Any CPU
		{9A5775E0-680B-4A90-9689-180933E82D0A}.Release|Any CPU.ActiveCfg = Release|Any CPU
		{9A5775E0-680B-4A90-9689-180933E82D0A}.Release|Any CPU.Build.0 = Release|Any CPU
		{69FEFBD1-D9AC-47D1-B276-8DAB1D478E6B}.Debug|Any CPU.ActiveCfg = Debug|Any CPU
		{69FEFBD1-D9AC-47D1-B276-8DAB1D478E6B}.Debug|Any CPU.Build.0 = Debug|Any CPU
		{69FEFBD1-D9AC-47D1-B276-8DAB1D478E6B}.Release|Any CPU.ActiveCfg = Release|Any CPU
		{69FEFBD1-D9AC-47D1-B276-8DAB1D478E6B}.Release|Any CPU.Build.0 = Release|Any CPU
		{C8BF607F-A3DC-414B-9D48-5BF3F8BF5C2E}.Debug|Any CPU.ActiveCfg = Debug|Any CPU
		{C8BF607F-A3DC-414B-9D48-5BF3F8BF5C2E}.Debug|Any CPU.Build.0 = Debug|Any CPU
		{C8BF607F-A3DC-414B-9D48-5BF3F8BF5C2E}.Release|Any CPU.ActiveCfg = Release|Any CPU
		{C8BF607F-A3DC-414B-9D48-5BF3F8BF5C2E}.Release|Any CPU.Build.0 = Release|Any CPU
		{66FFF9A0-0E51-40CE-85E2-4FB6BEABB5EF}.Debug|Any CPU.ActiveCfg = Debug|Any CPU
		{66FFF9A0-0E51-40CE-85E2-4FB6BEABB5EF}.Debug|Any CPU.Build.0 = Debug|Any CPU
		{66FFF9A0-0E51-40CE-85E2-4FB6BEABB5EF}.Release|Any CPU.ActiveCfg = Release|Any CPU
		{66FFF9A0-0E51-40CE-85E2-4FB6BEABB5EF}.Release|Any CPU.Build.0 = Release|Any CPU
		{DFE4B165-0838-4079-9318-B4C0C7367BEE}.Debug|Any CPU.ActiveCfg = Debug|Any CPU
		{DFE4B165-0838-4079-9318-B4C0C7367BEE}.Debug|Any CPU.Build.0 = Debug|Any CPU
		{DFE4B165-0838-4079-9318-B4C0C7367BEE}.Release|Any CPU.ActiveCfg = Release|Any CPU
		{DFE4B165-0838-4079-9318-B4C0C7367BEE}.Release|Any CPU.Build.0 = Release|Any CPU
		{160C7F53-BCED-4BA5-9E7E-80C19E96B1B2}.Debug|Any CPU.ActiveCfg = Debug|Any CPU
		{160C7F53-BCED-4BA5-9E7E-80C19E96B1B2}.Debug|Any CPU.Build.0 = Debug|Any CPU
		{160C7F53-BCED-4BA5-9E7E-80C19E96B1B2}.Release|Any CPU.ActiveCfg = Release|Any CPU
		{160C7F53-BCED-4BA5-9E7E-80C19E96B1B2}.Release|Any CPU.Build.0 = Release|Any CPU
		{D11CEB98-1706-418E-BAE6-75826CEF1A2C}.Debug|Any CPU.ActiveCfg = Debug|Any CPU
		{D11CEB98-1706-418E-BAE6-75826CEF1A2C}.Debug|Any CPU.Build.0 = Debug|Any CPU
		{D11CEB98-1706-418E-BAE6-75826CEF1A2C}.Release|Any CPU.ActiveCfg = Release|Any CPU
		{D11CEB98-1706-418E-BAE6-75826CEF1A2C}.Release|Any CPU.Build.0 = Release|Any CPU
	EndGlobalSection
	GlobalSection(SolutionProperties) = preSolution
		HideSolutionNode = FALSE
	EndGlobalSection
	GlobalSection(ExtensibilityGlobals) = postSolution
		EnterpriseLibraryConfigurationToolBinariesPath = packages\Unity.2.1.505.0\lib\NET35
		SolutionGuid = {B5BA106D-0426-46AB-96F3-52AE5C6EC09B}
	EndGlobalSection
EndGlobal
